
Microsoft Visual Studio Solution File, Format Version 12.00
# Visual Studio Version 17
VisualStudioVersion = 17.4.33103.184
MinimumVisualStudioVersion = 10.0.40219.1
Project("{FAE04EC0-301F-11D3-BF4B-00C04F79EFBC}") = "p4", "p4\p4.csproj", "{F95BB503-B1E6-4C94-98F5-986D45627BEB}"
EndProject
Global
	GlobalSection(SolutionConfigurationPlatforms) = preSolution
		Debug|Any CPU = Debug|Any CPU
		Release|Any CPU = Release|Any CPU
	EndGlobalSection
	GlobalSection(ProjectConfigurationPlatforms) = postSolution
		{F95BB503-B1E6-4C94-98F5-986D45627BEB}.Debug|Any CPU.ActiveCfg = Debug|Any CPU
		{F95BB503-B1E6-4C94-98F5-986D45627BEB}.Debug|Any CPU.Build.0 = Debug|Any CPU
		{F95BB503-B1E6-4C94-98F5-986D45627BEB}.Release|Any CPU.ActiveCfg = Release|Any CPU
		{F95BB503-B1E6-4C94-98F5-986D45627BEB}.Release|Any CPU.Build.0 = Release|Any CPU
	EndGlobalSection
	GlobalSection(SolutionProperties) = preSolution
		HideSolutionNode = FALSE
	EndGlobalSection
	GlobalSection(ExtensibilityGlobals) = postSolution
		SolutionGuid = {4EF30355-BABF-4EFB-B4D6-EA451B33C9E4}
	EndGlobalSection
EndGlobal
